
Microsoft Visual Studio Solution File, Format Version 12.00
# Visual Studio Version 16
VisualStudioVersion = 16.0.31410.357
MinimumVisualStudioVersion = 10.0.40219.1
Project("{2150E333-8FDC-42A3-9474-1A3956D46DE8}") = "Common", "Common", "{4173DD0A-2580-418B-A70A-E792543086F0}"
EndProject
Project("{2150E333-8FDC-42A3-9474-1A3956D46DE8}") = "Services", "Services", "{5A684160-2582-4DB9-9502-03F290F425C8}"
EndProject
Project("{2150E333-8FDC-42A3-9474-1A3956D46DE8}") = "Ui", "Ui", "{27169829-6A19-40BD-A4CF-EA0D44ED36BE}"
EndProject
Project("{2150E333-8FDC-42A3-9474-1A3956D46DE8}") = "Data", "Data", "{2AA34F35-0063-4678-B4CC-AC86A02E1884}"
EndProject
Project("{9A19103F-16F7-4668-BE54-9A1E7A4F7556}") = "WebStore.DAL", "Data\WebStore.DAL\WebStore.DAL.csproj", "{6D10B166-E164-424A-B2D5-0551AA610A33}"
EndProject
Project("{9A19103F-16F7-4668-BE54-9A1E7A4F7556}") = "WebStore.DAL.Sqlite", "Data\WebStore.DAL.Sqlite\WebStore.DAL.Sqlite.csproj", "{6A09CC67-E442-45FF-84DA-3C009B473DDC}"
EndProject
Project("{9A19103F-16F7-4668-BE54-9A1E7A4F7556}") = "WebStore", "Ui\WebStore\WebStore.csproj", "{E18EE029-4088-4646-900F-F11311DA78DF}"
EndProject
Project("{9A19103F-16F7-4668-BE54-9A1E7A4F7556}") = "WebStore.Clients", "Services\WebStore.Clients\WebStore.Clients.csproj", "{901644E9-ABBC-4201-936F-D726EE74DE89}"
EndProject
Project("{9A19103F-16F7-4668-BE54-9A1E7A4F7556}") = "WebStore.Interfaces", "Services\WebStore.Interfaces\WebStore.Interfaces.csproj", "{3BFC15F7-2A35-4C66-B494-2F36AA7449FA}"
EndProject
Project("{9A19103F-16F7-4668-BE54-9A1E7A4F7556}") = "WebStore.Services", "Services\WebStore.Services\WebStore.Services.csproj", "{EB95D245-A62D-4D83-97B4-36676599204B}"
EndProject
Project("{9A19103F-16F7-4668-BE54-9A1E7A4F7556}") = "WebStore.ServicesHosting", "Services\WebStore.ServicesHosting\WebStore.ServicesHosting.csproj", "{02BB8869-B95D-48E2-941C-D7B2B09B3F93}"
EndProject
Project("{9A19103F-16F7-4668-BE54-9A1E7A4F7556}") = "WebStore.Domain", "Common\WebStore.DomainNew\WebStore.Domain.csproj", "{8C85DCF1-7C1B-4098-BEBC-1775210E5D0A}"
EndProject
Project("{2150E333-8FDC-42A3-9474-1A3956D46DE8}") = "Tests", "Tests", "{09E18DC6-0785-46C9-B13B-B8524C82AD9D}"
EndProject
Project("{9A19103F-16F7-4668-BE54-9A1E7A4F7556}") = "WebStore.Logger", "Common\WebStore.Logger\WebStore.Logger.csproj", "{B1BA5F5B-6071-4873-AF94-8BE74D8B7545}"
EndProject
Project("{9A19103F-16F7-4668-BE54-9A1E7A4F7556}") = "WebStore.TestConsole", "Tests\WebStore.TestConsole\WebStore.TestConsole.csproj", "{4297B436-9DC0-49A9-AF5D-49419F0CA198}"
EndProject
Global
	GlobalSection(SolutionConfigurationPlatforms) = preSolution
		Debug|Any CPU = Debug|Any CPU
		Release|Any CPU = Release|Any CPU
	EndGlobalSection
	GlobalSection(ProjectConfigurationPlatforms) = postSolution
		{6D10B166-E164-424A-B2D5-0551AA610A33}.Debug|Any CPU.ActiveCfg = Debug|Any CPU
		{6D10B166-E164-424A-B2D5-0551AA610A33}.Debug|Any CPU.Build.0 = Debug|Any CPU
		{6D10B166-E164-424A-B2D5-0551AA610A33}.Release|Any CPU.ActiveCfg = Release|Any CPU
		{6D10B166-E164-424A-B2D5-0551AA610A33}.Release|Any CPU.Build.0 = Release|Any CPU
		{6A09CC67-E442-45FF-84DA-3C009B473DDC}.Debug|Any CPU.ActiveCfg = Debug|Any CPU
		{6A09CC67-E442-45FF-84DA-3C009B473DDC}.Debug|Any CPU.Build.0 = Debug|Any CPU
		{6A09CC67-E442-45FF-84DA-3C009B473DDC}.Release|Any CPU.ActiveCfg = Release|Any CPU
		{6A09CC67-E442-45FF-84DA-3C009B473DDC}.Release|Any CPU.Build.0 = Release|Any CPU
		{E18EE029-4088-4646-900F-F11311DA78DF}.Debug|Any CPU.ActiveCfg = Debug|Any CPU
		{E18EE029-4088-4646-900F-F11311DA78DF}.Debug|Any CPU.Build.0 = Debug|Any CPU
		{E18EE029-4088-4646-900F-F11311DA78DF}.Release|Any CPU.ActiveCfg = Release|Any CPU
		{E18EE029-4088-4646-900F-F11311DA78DF}.Release|Any CPU.Build.0 = Release|Any CPU
		{901644E9-ABBC-4201-936F-D726EE74DE89}.Debug|Any CPU.ActiveCfg = Debug|Any CPU
		{901644E9-ABBC-4201-936F-D726EE74DE89}.Debug|Any CPU.Build.0 = Debug|Any CPU
		{901644E9-ABBC-4201-936F-D726EE74DE89}.Release|Any CPU.ActiveCfg = Release|Any CPU
		{901644E9-ABBC-4201-936F-D726EE74DE89}.Release|Any CPU.Build.0 = Release|Any CPU
		{3BFC15F7-2A35-4C66-B494-2F36AA7449FA}.Debug|Any CPU.ActiveCfg = Debug|Any CPU
		{3BFC15F7-2A35-4C66-B494-2F36AA7449FA}.Debug|Any CPU.Build.0 = Debug|Any CPU
		{3BFC15F7-2A35-4C66-B494-2F36AA7449FA}.Release|Any CPU.ActiveCfg = Release|Any CPU
		{3BFC15F7-2A35-4C66-B494-2F36AA7449FA}.Release|Any CPU.Build.0 = Release|Any CPU
		{EB95D245-A62D-4D83-97B4-36676599204B}.Debug|Any CPU.ActiveCfg = Debug|Any CPU
		{EB95D245-A62D-4D83-97B4-36676599204B}.Debug|Any CPU.Build.0 = Debug|Any CPU
		{EB95D245-A62D-4D83-97B4-36676599204B}.Release|Any CPU.ActiveCfg = Release|Any CPU
		{EB95D245-A62D-4D83-97B4-36676599204B}.Release|Any CPU.Build.0 = Release|Any CPU
		{02BB8869-B95D-48E2-941C-D7B2B09B3F93}.Debug|Any CPU.ActiveCfg = Debug|Any CPU
		{02BB8869-B95D-48E2-941C-D7B2B09B3F93}.Debug|Any CPU.Build.0 = Debug|Any CPU
		{02BB8869-B95D-48E2-941C-D7B2B09B3F93}.Release|Any CPU.ActiveCfg = Release|Any CPU
		{02BB8869-B95D-48E2-941C-D7B2B09B3F93}.Release|Any CPU.Build.0 = Release|Any CPU
		{8C85DCF1-7C1B-4098-BEBC-1775210E5D0A}.Debug|Any CPU.ActiveCfg = Debug|Any CPU
		{8C85DCF1-7C1B-4098-BEBC-1775210E5D0A}.Debug|Any CPU.Build.0 = Debug|Any CPU
		{8C85DCF1-7C1B-4098-BEBC-1775210E5D0A}.Release|Any CPU.ActiveCfg = Release|Any CPU
		{8C85DCF1-7C1B-4098-BEBC-1775210E5D0A}.Release|Any CPU.Build.0 = Release|Any CPU
		{B1BA5F5B-6071-4873-AF94-8BE74D8B7545}.Debug|Any CPU.ActiveCfg = Debug|Any CPU
		{B1BA5F5B-6071-4873-AF94-8BE74D8B7545}.Debug|Any CPU.Build.0 = Debug|Any CPU
		{B1BA5F5B-6071-4873-AF94-8BE74D8B7545}.Release|Any CPU.ActiveCfg = Release|Any CPU
		{B1BA5F5B-6071-4873-AF94-8BE74D8B7545}.Release|Any CPU.Build.0 = Release|Any CPU
		{4297B436-9DC0-49A9-AF5D-49419F0CA198}.Debug|Any CPU.ActiveCfg = Debug|Any CPU
		{4297B436-9DC0-49A9-AF5D-49419F0CA198}.Debug|Any CPU.Build.0 = Debug|Any CPU
		{4297B436-9DC0-49A9-AF5D-49419F0CA198}.Release|Any CPU.ActiveCfg = Release|Any CPU
		{4297B436-9DC0-49A9-AF5D-49419F0CA198}.Release|Any CPU.Build.0 = Release|Any CPU
	EndGlobalSection
	GlobalSection(SolutionProperties) = preSolution
		HideSolutionNode = FALSE
	EndGlobalSection
	GlobalSection(NestedProjects) = preSolution
		{6D10B166-E164-424A-B2D5-0551AA610A33} = {2AA34F35-0063-4678-B4CC-AC86A02E1884}
		{6A09CC67-E442-45FF-84DA-3C009B473DDC} = {2AA34F35-0063-4678-B4CC-AC86A02E1884}
		{E18EE029-4088-4646-900F-F11311DA78DF} = {27169829-6A19-40BD-A4CF-EA0D44ED36BE}
		{901644E9-ABBC-4201-936F-D726EE74DE89} = {5A684160-2582-4DB9-9502-03F290F425C8}
		{3BFC15F7-2A35-4C66-B494-2F36AA7449FA} = {5A684160-2582-4DB9-9502-03F290F425C8}
		{EB95D245-A62D-4D83-97B4-36676599204B} = {5A684160-2582-4DB9-9502-03F290F425C8}
		{02BB8869-B95D-48E2-941C-D7B2B09B3F93} = {5A684160-2582-4DB9-9502-03F290F425C8}
		{8C85DCF1-7C1B-4098-BEBC-1775210E5D0A} = {4173DD0A-2580-418B-A70A-E792543086F0}
		{B1BA5F5B-6071-4873-AF94-8BE74D8B7545} = {4173DD0A-2580-418B-A70A-E792543086F0}
		{4297B436-9DC0-49A9-AF5D-49419F0CA198} = {09E18DC6-0785-46C9-B13B-B8524C82AD9D}
	EndGlobalSection
	GlobalSection(ExtensibilityGlobals) = postSolution
		SolutionGuid = {B96ABF28-F383-46CD-A749-E44DA622C52F}
	EndGlobalSection
EndGlobal
